
Microsoft Visual Studio Solution File, Format Version 12.00
# Visual Studio Version 16
VisualStudioVersion = 16.0.31729.503
MinimumVisualStudioVersion = 10.0.40219.1
Project("{9A19103F-16F7-4668-BE54-9A1E7A4F7556}") = "FizzBuzzWeb", "FizzBuzzWeb\FizzBuzzWeb.csproj", "{DCCA08A1-F95E-4B15-AF55-964F5E98C519}"
EndProject
Project("{2150E333-8FDC-42A3-9474-1A3956D46DE8}") = "Solution Items", "Solution Items", "{79AAB922-B7B8-4272-8217-D4C137D0CFF2}"
	ProjectSection(SolutionItems) = preProject
		StyleSheet1.css = StyleSheet1.css
	EndProjectSection
EndProject
Global
	GlobalSection(SolutionConfigurationPlatforms) = preSolution
		Debug|Any CPU = Debug|Any CPU
		Release|Any CPU = Release|Any CPU
	EndGlobalSection
	GlobalSection(ProjectConfigurationPlatforms) = postSolution
		{DCCA08A1-F95E-4B15-AF55-964F5E98C519}.Debug|Any CPU.ActiveCfg = Debug|Any CPU
		{DCCA08A1-F95E-4B15-AF55-964F5E98C519}.Debug|Any CPU.Build.0 = Debug|Any CPU
		{DCCA08A1-F95E-4B15-AF55-964F5E98C519}.Release|Any CPU.ActiveCfg = Release|Any CPU
		{DCCA08A1-F95E-4B15-AF55-964F5E98C519}.Release|Any CPU.Build.0 = Release|Any CPU
	EndGlobalSection
	GlobalSection(SolutionProperties) = preSolution
		HideSolutionNode = FALSE
	EndGlobalSection
	GlobalSection(ExtensibilityGlobals) = postSolution
		SolutionGuid = {B692D495-5E07-4D27-8DF1-80234C63995B}
	EndGlobalSection
EndGlobal
